// !$*UTF8*$!
{
	archiveVersion = 1;
	classes = {
	};
	objectVersion = 46;
	objects = {

/* Begin PBXBuildFile section */
		4F0E523E1D9BC9BE00760424 /* main.m in Sources */ = {isa = PBXBuildFile; fileRef = 4F0E523D1D9BC9BE00760424 /* main.m */; };
		4F0E52411D9BC9BE00760424 /* AppDelegate.m in Sources */ = {isa = PBXBuildFile; fileRef = 4F0E52401D9BC9BE00760424 /* AppDelegate.m */; };
		4F0E52441D9BC9BE00760424 /* ViewController.m in Sources */ = {isa = PBXBuildFile; fileRef = 4F0E52431D9BC9BE00760424 /* ViewController.m */; };
		4F0E52471D9BC9BE00760424 /* Main.storyboard in Resources */ = {isa = PBXBuildFile; fileRef = 4F0E52451D9BC9BE00760424 /* Main.storyboard */; };
		4F0E52491D9BC9BE00760424 /* Assets.xcassets in Resources */ = {isa = PBXBuildFile; fileRef = 4F0E52481D9BC9BE00760424 /* Assets.xcassets */; };
		4F0E524C1D9BC9BE00760424 /* LaunchScreen.storyboard in Resources */ = {isa = PBXBuildFile; fileRef = 4F0E524A1D9BC9BE00760424 /* LaunchScreen.storyboard */; };
		4F0E52571D9BC9BE00760424 /* HealthSportsDemoUITests.m in Sources */ = {isa = PBXBuildFile; fileRef = 4F0E52561D9BC9BE00760424 /* HealthSportsDemoUITests.m */; };
		4F4040E71D9E12D300C97D11 /* SVProgressHUD in Resources */ = {isa = PBXBuildFile; fileRef = 4F4040E61D9E12D300C97D11 /* SVProgressHUD */; };
		4F9837511D9D11AD00E764D4 /* HealthKit.framework in Frameworks */ = {isa = PBXBuildFile; fileRef = 4F0E52651D9BCA0F00760424 /* HealthKit.framework */; };
		4FA7625A1D9E21A10030D008 /* HealthSport01.jpeg in Resources */ = {isa = PBXBuildFile; fileRef = 4FA762591D9E21A10030D008 /* HealthSport01.jpeg */; };
		4FA762641D9E353F0030D008 /* SVProgressHUD.bundle in Resources */ = {isa = PBXBuildFile; fileRef = 4FA762611D9E353F0030D008 /* SVProgressHUD.bundle */; };
		4FA762651D9E353F0030D008 /* SVProgressHUD.m in Sources */ = {isa = PBXBuildFile; fileRef = 4FA762631D9E353F0030D008 /* SVProgressHUD.m */; };
		4FA762671D9E36D20030D008 /* xcodebug.jpg in Resources */ = {isa = PBXBuildFile; fileRef = 4FA762661D9E36D20030D008 /* xcodebug.jpg */; };
/* End PBXBuildFile section */

/* Begin PBXContainerItemProxy section */
		4F0E52531D9BC9BE00760424 /* PBXContainerItemProxy */ = {
			isa = PBXContainerItemProxy;
			containerPortal = 4F0E52311D9BC9BE00760424 /* Project object */;
			proxyType = 1;
			remoteGlobalIDString = 4F0E52381D9BC9BE00760424;
			remoteInfo = HealthSportsDemo;
		};
/* End PBXContainerItemProxy section */

/* Begin PBXFileReference section */
		4F0E52391D9BC9BE00760424 /* HealthSportsDemo.app */ = {isa = PBXFileReference; explicitFileType = wrapper.application; includeInIndex = 0; path = HealthSportsDemo.app; sourceTree = BUILT_PRODUCTS_DIR; };
		4F0E523D1D9BC9BE00760424 /* main.m */ = {isa = PBXFileReference; lastKnownFileType = sourcecode.c.objc; path = main.m; sourceTree = "<group>"; };
		4F0E523F1D9BC9BE00760424 /* AppDelegate.h */ = {isa = PBXFileReference; lastKnownFileType = sourcecode.c.h; path = AppDelegate.h; sourceTree = "<group>"; };
		4F0E52401D9BC9BE00760424 /* AppDelegate.m */ = {isa = PBXFileReference; lastKnownFileType = sourcecode.c.objc; path = AppDelegate.m; sourceTree = "<group>"; };
		4F0E52421D9BC9BE00760424 /* ViewController.h */ = {isa = PBXFileReference; lastKnownFileType = sourcecode.c.h; path = ViewController.h; sourceTree = "<group>"; };
		4F0E52431D9BC9BE00760424 /* ViewController.m */ = {isa = PBXFileReference; lastKnownFileType = sourcecode.c.objc; path = ViewController.m; sourceTree = "<group>"; };
		4F0E52461D9BC9BE00760424 /* Base */ = {isa = PBXFileReference; lastKnownFileType = file.storyboard; name = Base; path = Base.lproj/Main.storyboard; sourceTree = "<group>"; };
		4F0E52481D9BC9BE00760424 /* Assets.xcassets */ = {isa = PBXFileReference; lastKnownFileType = folder.assetcatalog; path = Assets.xcassets; sourceTree = "<group>"; };
		4F0E524B1D9BC9BE00760424 /* Base */ = {isa = PBXFileReference; lastKnownFileType = file.storyboard; name = Base; path = Base.lproj/LaunchScreen.storyboard; sourceTree = "<group>"; };
		4F0E524D1D9BC9BE00760424 /* Info.plist */ = {isa = PBXFileReference; lastKnownFileType = text.plist.xml; path = Info.plist; sourceTree = "<group>"; };
		4F0E52521D9BC9BE00760424 /* HealthSportsDemoUITests.xctest */ = {isa = PBXFileReference; explicitFileType = wrapper.cfbundle; includeInIndex = 0; path = HealthSportsDemoUITests.xctest; sourceTree = BUILT_PRODUCTS_DIR; };
		4F0E52561D9BC9BE00760424 /* HealthSportsDemoUITests.m */ = {isa = PBXFileReference; lastKnownFileType = sourcecode.c.objc; path = HealthSportsDemoUITests.m; sourceTree = "<group>"; };
		4F0E52581D9BC9BE00760424 /* Info.plist */ = {isa = PBXFileReference; lastKnownFileType = text.plist.xml; path = Info.plist; sourceTree = "<group>"; };
		4F0E52651D9BCA0F00760424 /* HealthKit.framework */ = {isa = PBXFileReference; lastKnownFileType = wrapper.framework; name = HealthKit.framework; path = System/Library/Frameworks/HealthKit.framework; sourceTree = SDKROOT; };
		4F0E52671D9BCA0F00760424 /* HealthSportsDemo.entitlements */ = {isa = PBXFileReference; lastKnownFileType = text.plist.entitlements; path = HealthSportsDemo.entitlements; sourceTree = "<group>"; };
		4F4040E61D9E12D300C97D11 /* SVProgressHUD */ = {isa = PBXFileReference; lastKnownFileType = folder; name = SVProgressHUD; path = /Users/niugaohang/Desktop/HealthSportsDemo/HealthSportsDemo/SVProgressHUD; sourceTree = "<absolute>"; };
		4FA762591D9E21A10030D008 /* HealthSport01.jpeg */ = {isa = PBXFileReference; lastKnownFileType = image.jpeg; path = HealthSport01.jpeg; sourceTree = "<group>"; };
		4FA762611D9E353F0030D008 /* SVProgressHUD.bundle */ = {isa = PBXFileReference; lastKnownFileType = "wrapper.plug-in"; path = SVProgressHUD.bundle; sourceTree = "<group>"; };
		4FA762621D9E353F0030D008 /* SVProgressHUD.h */ = {isa = PBXFileReference; fileEncoding = 4; lastKnownFileType = sourcecode.c.h; path = SVProgressHUD.h; sourceTree = "<group>"; };
		4FA762631D9E353F0030D008 /* SVProgressHUD.m */ = {isa = PBXFileReference; fileEncoding = 4; lastKnownFileType = sourcecode.c.objc; path = SVProgressHUD.m; sourceTree = "<group>"; };
		4FA762661D9E36D20030D008 /* xcodebug.jpg */ = {isa = PBXFileReference; lastKnownFileType = image.jpeg; path = xcodebug.jpg; sourceTree = "<group>"; };
/* End PBXFileReference section */

/* Begin PBXFrameworksBuildPhase section */
		4F0E52361D9BC9BE00760424 /* Frameworks */ = {
			isa = PBXFrameworksBuildPhase;
			buildActionMask = 2147483647;
			files = (
				4F9837511D9D11AD00E764D4 /* HealthKit.framework in Frameworks */,
			);
			runOnlyForDeploymentPostprocessing = 0;
		};
		4F0E524F1D9BC9BE00760424 /* Frameworks */ = {
			isa = PBXFrameworksBuildPhase;
			buildActionMask = 2147483647;
			files = (
			);
			runOnlyForDeploymentPostprocessing = 0;
		};
/* End PBXFrameworksBuildPhase section */

/* Begin PBXGroup section */
		4F0E52301D9BC9BE00760424 = {
			isa = PBXGroup;
			children = (
				4F0E523B1D9BC9BE00760424 /* HealthSportsDemo */,
				4F0E52551D9BC9BE00760424 /* HealthSportsDemoUITests */,
				4F0E523A1D9BC9BE00760424 /* Products */,
				4F0E52621D9BC9E100760424 /* Frameworks */,
			);
			sourceTree = "<group>";
		};
		4F0E523A1D9BC9BE00760424 /* Products */ = {
			isa = PBXGroup;
			children = (
				4F0E52391D9BC9BE00760424 /* HealthSportsDemo.app */,
				4F0E52521D9BC9BE00760424 /* HealthSportsDemoUITests.xctest */,
			);
			name = Products;
			sourceTree = "<group>";
		};
		4F0E523B1D9BC9BE00760424 /* HealthSportsDemo */ = {
			isa = PBXGroup;
			children = (
				4F0E52671D9BCA0F00760424 /* HealthSportsDemo.entitlements */,
				4F0E52611D9BC9CF00760424 /* Libs */,
				4F0E523F1D9BC9BE00760424 /* AppDelegate.h */,
				4F0E52401D9BC9BE00760424 /* AppDelegate.m */,
				4F0E52421D9BC9BE00760424 /* ViewController.h */,
				4F0E52431D9BC9BE00760424 /* ViewController.m */,
				4F0E52451D9BC9BE00760424 /* Main.storyboard */,
				4F0E52481D9BC9BE00760424 /* Assets.xcassets */,
				4F0E524A1D9BC9BE00760424 /* LaunchScreen.storyboard */,
				4F0E524D1D9BC9BE00760424 /* Info.plist */,
				4F0E523C1D9BC9BE00760424 /* Supporting Files */,
			);
			path = HealthSportsDemo;
			sourceTree = "<group>";
		};
		4F0E523C1D9BC9BE00760424 /* Supporting Files */ = {
			isa = PBXGroup;
			children = (
				4F0E523D1D9BC9BE00760424 /* main.m */,
			);
			name = "Supporting Files";
			sourceTree = "<group>";
		};
		4F0E52551D9BC9BE00760424 /* HealthSportsDemoUITests */ = {
			isa = PBXGroup;
			children = (
				4F0E52561D9BC9BE00760424 /* HealthSportsDemoUITests.m */,
				4F0E52581D9BC9BE00760424 /* Info.plist */,
			);
			path = HealthSportsDemoUITests;
			sourceTree = "<group>";
		};
		4F0E52611D9BC9CF00760424 /* Libs */ = {
			isa = PBXGroup;
			children = (
				4FA762661D9E36D20030D008 /* xcodebug.jpg */,
				4FA762601D9E353F0030D008 /* SVProgressHUD */,
				4FA762591D9E21A10030D008 /* HealthSport01.jpeg */,
			);
			name = Libs;
			sourceTree = "<group>";
		};
		4F0E52621D9BC9E100760424 /* Frameworks */ = {
			isa = PBXGroup;
			children = (
				4F0E52651D9BCA0F00760424 /* HealthKit.framework */,
			);
			name = Frameworks;
			sourceTree = "<group>";
		};
		4FA762601D9E353F0030D008 /* SVProgressHUD */ = {
			isa = PBXGroup;
			children = (
				4FA762611D9E353F0030D008 /* SVProgressHUD.bundle */,
				4FA762621D9E353F0030D008 /* SVProgressHUD.h */,
				4FA762631D9E353F0030D008 /* SVProgressHUD.m */,
			);
			path = SVProgressHUD;
			sourceTree = "<group>";
		};
/* End PBXGroup section */

/* Begin PBXNativeTarget section */
		4F0E52381D9BC9BE00760424 /* HealthSportsDemo */ = {
			isa = PBXNativeTarget;
			buildConfigurationList = 4F0E525B1D9BC9BE00760424 /* Build configuration list for PBXNativeTarget "HealthSportsDemo" */;
			buildPhases = (
				4F0E52351D9BC9BE00760424 /* Sources */,
				4F0E52361D9BC9BE00760424 /* Frameworks */,
				4F0E52371D9BC9BE00760424 /* Resources */,
			);
			buildRules = (
			);
			dependencies = (
			);
			name = HealthSportsDemo;
			productName = HealthSportsDemo;
			productReference = 4F0E52391D9BC9BE00760424 /* HealthSportsDemo.app */;
			productType = "com.apple.product-type.application";
		};
		4F0E52511D9BC9BE00760424 /* HealthSportsDemoUITests */ = {
			isa = PBXNativeTarget;
			buildConfigurationList = 4F0E525E1D9BC9BE00760424 /* Build configuration list for PBXNativeTarget "HealthSportsDemoUITests" */;
			buildPhases = (
				4F0E524E1D9BC9BE00760424 /* Sources */,
				4F0E524F1D9BC9BE00760424 /* Frameworks */,
				4F0E52501D9BC9BE00760424 /* Resources */,
			);
			buildRules = (
			);
			dependencies = (
				4F0E52541D9BC9BE00760424 /* PBXTargetDependency */,
			);
			name = HealthSportsDemoUITests;
			productName = HealthSportsDemoUITests;
			productReference = 4F0E52521D9BC9BE00760424 /* HealthSportsDemoUITests.xctest */;
			productType = "com.apple.product-type.bundle.ui-testing";
		};
/* End PBXNativeTarget section */

/* Begin PBXProject section */
		4F0E52311D9BC9BE00760424 /* Project object */ = {
			isa = PBXProject;
			attributes = {
				LastUpgradeCheck = 0800;
				ORGANIZATIONNAME = "牛高航";
				TargetAttributes = {
					4F0E52381D9BC9BE00760424 = {
						CreatedOnToolsVersion = 8.0;
						DevelopmentTeam = UWQPN2RE82;
						ProvisioningStyle = Automatic;
						SystemCapabilities = {
							com.apple.HealthKit = {
								enabled = 1;
							};
						};
					};
					4F0E52511D9BC9BE00760424 = {
						CreatedOnToolsVersion = 8.0;
						ProvisioningStyle = Automatic;
						TestTargetID = 4F0E52381D9BC9BE00760424;
					};
				};
			};
			buildConfigurationList = 4F0E52341D9BC9BE00760424 /* Build configuration list for PBXProject "HealthSportsDemo" */;
			compatibilityVersion = "Xcode 3.2";
			developmentRegion = English;
			hasScannedForEncodings = 0;
			knownRegions = (
				en,
				Base,
			);
			mainGroup = 4F0E52301D9BC9BE00760424;
			productRefGroup = 4F0E523A1D9BC9BE00760424 /* Products */;
			projectDirPath = "";
			projectRoot = "";
			targets = (
				4F0E52381D9BC9BE00760424 /* HealthSportsDemo */,
				4F0E52511D9BC9BE00760424 /* HealthSportsDemoUITests */,
			);
		};
/* End PBXProject section */

/* Begin PBXResourcesBuildPhase section */
		4F0E52371D9BC9BE00760424 /* Resources */ = {
			isa = PBXResourcesBuildPhase;
			buildActionMask = 2147483647;
			files = (
				4F4040E71D9E12D300C97D11 /* SVProgressHUD in Resources */,
				4FA762641D9E353F0030D008 /* SVProgressHUD.bundle in Resources */,
				4F0E524C1D9BC9BE00760424 /* LaunchScreen.storyboard in Resources */,
				4FA7625A1D9E21A10030D008 /* HealthSport01.jpeg in Resources */,
				4F0E52491D9BC9BE00760424 /* Assets.xcassets in Resources */,
				4FA762671D9E36D20030D008 /* xcodebug.jpg in Resources */,
				4F0E52471D9BC9BE00760424 /* Main.storyboard in Resources */,
			);
			runOnlyForDeploymentPostprocessing = 0;
		};
		4F0E52501D9BC9BE00760424 /* Resources */ = {
			isa = PBXResourcesBuildPhase;
			buildActionMask = 2147483647;
			files = (
			);
			runOnlyForDeploymentPostprocessing = 0;
		};
/* End PBXResourcesBuildPhase section */

/* Begin PBXSourcesBuildPhase section */
		4F0E52351D9BC9BE00760424 /* Sources */ = {
			isa = PBXSourcesBuildPhase;
			buildActionMask = 2147483647;
			files = (
				4F0E52441D9BC9BE00760424 /* ViewController.m in Sources */,
				4FA762651D9E353F0030D008 /* SVProgressHUD.m in Sources */,
				4F0E52411D9BC9BE00760424 /* AppDelegate.m in Sources */,
				4F0E523E1D9BC9BE00760424 /* main.m in Sources */,
			);
			runOnlyForDeploymentPostprocessing = 0;
		};
		4F0E524E1D9BC9BE00760424 /* Sources */ = {
			isa = PBXSourcesBuildPhase;
			buildActionMask = 2147483647;
			files = (
				4F0E52571D9BC9BE00760424 /* HealthSportsDemoUITests.m in Sources */,
			);
			runOnlyForDeploymentPostprocessing = 0;
		};
/* End PBXSourcesBuildPhase section */

/* Begin PBXTargetDependency section */
		4F0E52541D9BC9BE00760424 /* PBXTargetDependency */ = {
			isa = PBXTargetDependency;
			target = 4F0E52381D9BC9BE00760424 /* HealthSportsDemo */;
			targetProxy = 4F0E52531D9BC9BE00760424 /* PBXContainerItemProxy */;
		};
/* End PBXTargetDependency section */

/* Begin PBXVariantGroup section */
		4F0E52451D9BC9BE00760424 /* Main.storyboard */ = {
			isa = PBXVariantGroup;
			children = (
				4F0E52461D9BC9BE00760424 /* Base */,
			);
			name = Main.storyboard;
			sourceTree = "<group>";
		};
		4F0E524A1D9BC9BE00760424 /* LaunchScreen.storyboard */ = {
			isa = PBXVariantGroup;
			children = (
				4F0E524B1D9BC9BE00760424 /* Base */,
			);
			name = LaunchScreen.storyboard;
			sourceTree = "<group>";
		};
/* End PBXVariantGroup section */

/* Begin XCBuildConfiguration section */
		4F0E52591D9BC9BE00760424 /* Debug */ = {
			isa = XCBuildConfiguration;
			buildSettings = {
				ALWAYS_SEARCH_USER_PATHS = NO;
				CLANG_ANALYZER_NONNULL = YES;
				CLANG_CXX_LANGUAGE_STANDARD = "gnu++0x";
				CLANG_CXX_LIBRARY = "libc++";
				CLANG_ENABLE_MODULES = YES;
				CLANG_ENABLE_OBJC_ARC = YES;
				CLANG_WARN_BOOL_CONVERSION = YES;
				CLANG_WARN_CONSTANT_CONVERSION = YES;
				CLANG_WARN_DIRECT_OBJC_ISA_USAGE = YES_ERROR;
				CLANG_WARN_DOCUMENTATION_COMMENTS = YES;
				CLANG_WARN_EMPTY_BODY = YES;
				CLANG_WARN_ENUM_CONVERSION = YES;
				CLANG_WARN_INFINITE_RECURSION = YES;
				CLANG_WARN_INT_CONVERSION = YES;
				CLANG_WARN_OBJC_ROOT_CLASS = YES_ERROR;
				CLANG_WARN_SUSPICIOUS_MOVES = YES;
				CLANG_WARN_UNREACHABLE_CODE = YES;
				CLANG_WARN__DUPLICATE_METHOD_MATCH = YES;
				"CODE_SIGN_IDENTITY[sdk=iphoneos*]" = "iPhone Developer";
				COPY_PHASE_STRIP = NO;
				DEBUG_INFORMATION_FORMAT = dwarf;
				ENABLE_STRICT_OBJC_MSGSEND = YES;
				ENABLE_TESTABILITY = YES;
				GCC_C_LANGUAGE_STANDARD = gnu99;
				GCC_DYNAMIC_NO_PIC = NO;
				GCC_NO_COMMON_BLOCKS = YES;
				GCC_OPTIMIZATION_LEVEL = 0;
				GCC_PREPROCESSOR_DEFINITIONS = (
					"DEBUG=1",
					"$(inherited)",
				);
				GCC_WARN_64_TO_32_BIT_CONVERSION = YES;
				GCC_WARN_ABOUT_RETURN_TYPE = YES_ERROR;
				GCC_WARN_UNDECLARED_SELECTOR = YES;
				GCC_WARN_UNINITIALIZED_AUTOS = YES_AGGRESSIVE;
				GCC_WARN_UNUSED_FUNCTION = YES;
				GCC_WARN_UNUSED_VARIABLE = YES;
				IPHONEOS_DEPLOYMENT_TARGET = 10.0;
				MTL_ENABLE_DEBUG_INFO = YES;
				ONLY_ACTIVE_ARCH = YES;
				SDKROOT = iphoneos;
				TARGETED_DEVICE_FAMILY = "1,2";
			};
			name = Debug;
		};
		4F0E525A1D9BC9BE00760424 /* Release */ = {
			isa = XCBuildConfiguration;
			buildSettings = {
				ALWAYS_SEARCH_USER_PATHS = NO;
				CLANG_ANALYZER_NONNULL = YES;
				CLANG_CXX_LANGUAGE_STANDARD = "gnu++0x";
				CLANG_CXX_LIBRARY = "libc++";
				CLANG_ENABLE_MODULES = YES;
				CLANG_ENABLE_OBJC_ARC = YES;
				CLANG_WARN_BOOL_CONVERSION = YES;
				CLANG_WARN_CONSTANT_CONVERSION = YES;
				CLANG_WARN_DIRECT_OBJC_ISA_USAGE = YES_ERROR;
				CLANG_WARN_DOCUMENTATION_COMMENTS = YES;
				CLANG_WARN_EMPTY_BODY = YES;
				CLANG_WARN_ENUM_CONVERSION = YES;
				CLANG_WARN_INFINITE_RECURSION = YES;
				CLANG_WARN_INT_CONVERSION = YES;
				CLANG_WARN_OBJC_ROOT_CLASS = YES_ERROR;
				CLANG_WARN_SUSPICIOUS_MOVES = YES;
				CLANG_WARN_UNREACHABLE_CODE = YES;
				CLANG_WARN__DUPLICATE_METHOD_MATCH = YES;
				"CODE_SIGN_IDENTITY[sdk=iphoneos*]" = "iPhone Developer";
				COPY_PHASE_STRIP = NO;
				DEBUG_INFORMATION_FORMAT = "dwarf-with-dsym";
				ENABLE_NS_ASSERTIONS = NO;
				ENABLE_STRICT_OBJC_MSGSEND = YES;
				GCC_C_LANGUAGE_STANDARD = gnu99;
				GCC_NO_COMMON_BLOCKS = YES;
				GCC_WARN_64_TO_32_BIT_CONVERSION = YES;
				GCC_WARN_ABOUT_RETURN_TYPE = YES_ERROR;
				GCC_WARN_UNDECLARED_SELECTOR = YES;
				GCC_WARN_UNINITIALIZED_AUTOS = YES_AGGRESSIVE;
				GCC_WARN_UNUSED_FUNCTION = YES;
				GCC_WARN_UNUSED_VARIABLE = YES;
				IPHONEOS_DEPLOYMENT_TARGET = 10.0;
				MTL_ENABLE_DEBUG_INFO = NO;
				SDKROOT = iphoneos;
				TARGETED_DEVICE_FAMILY = "1,2";
				VALIDATE_PRODUCT = YES;
			};
			name = Release;
		};
		4F0E525C1D9BC9BE00760424 /* Debug */ = {
			isa = XCBuildConfiguration;
			buildSettings = {
				ASSETCATALOG_COMPILER_APPICON_NAME = AppIcon;
				CODE_SIGN_ENTITLEMENTS = HealthSportsDemo/HealthSportsDemo.entitlements;
				DEVELOPMENT_TEAM = UWQPN2RE82;
				INFOPLIST_FILE = HealthSportsDemo/Info.plist;
				IPHONEOS_DEPLOYMENT_TARGET = 9.0;
				LD_RUNPATH_SEARCH_PATHS = "$(inherited) @executable_path/Frameworks";
				PRODUCT_BUNDLE_IDENTIFIER = HealthSports.HealthSportsDemo;
				PRODUCT_NAME = "$(TARGET_NAME)";
			};
			name = Debug;
		};
		4F0E525D1D9BC9BE00760424 /* Release */ = {
			isa = XCBuildConfiguration;
			buildSettings = {
				ASSETCATALOG_COMPILER_APPICON_NAME = AppIcon;
				CODE_SIGN_ENTITLEMENTS = HealthSportsDemo/HealthSportsDemo.entitlements;
				DEVELOPMENT_TEAM = UWQPN2RE82;
				INFOPLIST_FILE = HealthSportsDemo/Info.plist;
				IPHONEOS_DEPLOYMENT_TARGET = 9.0;
				LD_RUNPATH_SEARCH_PATHS = "$(inherited) @executable_path/Frameworks";
				PRODUCT_BUNDLE_IDENTIFIER = HealthSports.HealthSportsDemo;
				PRODUCT_NAME = "$(TARGET_NAME)";
			};
			name = Release;
		};
		4F0E525F1D9BC9BE00760424 /* Debug */ = {
			isa = XCBuildConfiguration;
			buildSettings = {
				INFOPLIST_FILE = HealthSportsDemoUITests/Info.plist;
				LD_RUNPATH_SEARCH_PATHS = "$(inherited) @executable_path/Frameworks @loader_path/Frameworks";
				PRODUCT_BUNDLE_IDENTIFIER = HealthSports.HealthSportsDemoUITests;
				PRODUCT_NAME = "$(TARGET_NAME)";
				TEST_TARGET_NAME = HealthSportsDemo;
			};
			name = Debug;
		};
		4F0E52601D9BC9BE00760424 /* Release */ = {
			isa = XCBuildConfiguration;
			buildSettings = {
				INFOPLIST_FILE = HealthSportsDemoUITests/Info.plist;
				LD_RUNPATH_SEARCH_PATHS = "$(inherited) @executable_path/Frameworks @loader_path/Frameworks";
				PRODUCT_BUNDLE_IDENTIFIER = HealthSports.HealthSportsDemoUITests;
				PRODUCT_NAME = "$(TARGET_NAME)";
				TEST_TARGET_NAME = HealthSportsDemo;
			};
			name = Release;
		};
/* End XCBuildConfiguration section */

/* Begin XCConfigurationList section */
		4F0E52341D9BC9BE00760424 /* Build configuration list for PBXProject "HealthSportsDemo" */ = {
			isa = XCConfigurationList;
			buildConfigurations = (
				4F0E52591D9BC9BE00760424 /* Debug */,
				4F0E525A1D9BC9BE00760424 /* Release */,
			);
			defaultConfigurationIsVisible = 0;
			defaultConfigurationName = Release;
		};
		4F0E525B1D9BC9BE00760424 /* Build configuration list for PBXNativeTarget "HealthSportsDemo" */ = {
			isa = XCConfigurationList;
			buildConfigurations = (
				4F0E525C1D9BC9BE00760424 /* Debug */,
				4F0E525D1D9BC9BE00760424 /* Release */,
			);
			defaultConfigurationIsVisible = 0;
			defaultConfigurationName = Release;
		};
		4F0E525E1D9BC9BE00760424 /* Build configuration list for PBXNativeTarget "HealthSportsDemoUITests" */ = {
			isa = XCConfigurationList;
			buildConfigurations = (
				4F0E525F1D9BC9BE00760424 /* Debug */,
				4F0E52601D9BC9BE00760424 /* Release */,
			);
			defaultConfigurationIsVisible = 0;
			defaultConfigurationName = Release;
		};
/* End XCConfigurationList section */
	};
	rootObject = 4F0E52311D9BC9BE00760424 /* Project object */;
}
